hash: 88e28f0bcd53cb00865fefdd20f4abc3f52364458bffc06d6af160c85301aebc
updated: 2017-10-07T13:42:41.023379+09:00
imports:
- name: github.com/franela/goreq
  version: b5b0f5eb2d16f20345cce0a544a75163579c0b00
- name: github.com/hashicorp/errwrap
  version: 7554cd9344cec97297fa6649b055a8c98c2a1e55
- name: github.com/rendon/testcli
  version: 6283090d169f51a2410b4e260341a01c9a4c0ca7
- name: github.com/satori/go.uuid
  version: 879c5887cd475cd7864858769793b2ceb0d44feb
- name: github.com/Sirupsen/logrus
  version: ba1b36c82c5e05c4f912a88eab0dcd91a171688f
- name: github.com/urfave/cli
  version: cfb38830724cc34fedffe9a2a29fb54fa9169cd1
- name: golang.org/x/sys
  version: 9ccfe848b9db8435a24c424abbc07a921adf1df5
  subpackages:
  - unix
testImports: []
