# This file is autogenerated, do not edit; changes may be undone by the next 'dep ensure'.


[[projects]]
  name = "github.com/Sirupsen/logrus"
  packages = ["."]
  revision = "ba1b36c82c5e05c4f912a88eab0dcd91a171688f"
  version = "v0.11.5"

[[projects]]
  branch = "master"
  name = "github.com/rendon/testcli"
  packages = ["."]
  revision = "6283090d169f51a2410b4e260341a01c9a4c0ca7"

[[projects]]
  name = "github.com/satori/go.uuid"
  packages = ["."]
  revision = "f58768cc1a7a7e77a3bd49e98cdd21419399b6a3"
  version = "v1.2.0"

[[projects]]
  name = "github.com/szyn/digdag-go-client"
  packages = ["."]
  revision = "e8e80672d352c4dcf245dfc8f502b1e350c5f6f3"
  version = "v0.1.0"

[[projects]]
  name = "github.com/szyn/mog"
  packages = ["logger"]
  revision = "2c23c59de30826b7ff0cf1382941a5dec16ddb1e"
  version = "v0.1.2"

[[projects]]
  name = "github.com/urfave/cli"
  packages = ["."]
  revision = "cfb38830724cc34fedffe9a2a29fb54fa9169cd1"
  version = "v1.20.0"

[[projects]]
  branch = "master"
  name = "golang.org/x/sys"
  packages = ["unix"]
  revision = "af50095a40f9041b3b38960738837185c26e9419"

[solve-meta]
  analyzer-name = "dep"
  analyzer-version = 1
  inputs-digest = "e8bdfcb474fae83ecfe3b5be6ac805e3ca455325ae94601e6792bb30aaef8629"
  solver-name = "gps-cdcl"
  solver-version = 1
